{
  "name": "SIGER-FMC",
  "lockfileVersion": 3,
  "requires": true,
  "packages": {
    "": {
      "dependencies": {
        "morphicons": "^1.7.0"
      }
    },
    "node_modules/morphicons": {
      "version": "1.7.0",
      "resolved": "https://registry.npmjs.org/morphicons/-/morphicons-1.7.0.tgz",
      "integrity": "sha512-MOqSK+O5RdxynER5016vUvvqQaHkqqWYmNpocsk9TEszUZ9PB/K52Yqq8AGTRK1NUO5dj8znGSEVf9slqEIQaw==",
      "license": "MIT",
      "peerDependencies": {
        "react": ">=18",
        "react-native": ">=0.71",
        "react-native-svg": ">=14",
        "svelte": ">=5",
        "vue": ">=3.3"
      },
      "peerDependenciesMeta": {
        "react": {
          "optional": true
        },
        "react-native": {
          "optional": true
        },
        "react-native-svg": {
          "optional": true
        },
        "svelte": {
          "optional": true
        },
        "vue": {
          "optional": true
        }
      }
    }
  }
}
